
Microsoft Visual Studio Solution File, Format Version 12.00
# Visual Studio Version 16
VisualStudioVersion = 16.0.30204.135
MinimumVisualStudioVersion = 10.0.40219.1
Project("{FAE04EC0-301F-11D3-BF4B-00C04F79EFBC}") = "ConsoleApp8", "ConsoleApp8\ConsoleApp8.csproj", "{E33BFB87-89E0-41D5-A983-BDEBFE7BFE9D}"
EndProject
Global
	GlobalSection(SolutionConfigurationPlatforms) = preSolution
		Debug|Any CPU = Debug|Any CPU
		Release|Any CPU = Release|Any CPU
	EndGlobalSection
	GlobalSection(ProjectConfigurationPlatforms) = postSolution
		{E33BFB87-89E0-41D5-A983-BDEBFE7BFE9D}.Debug|Any CPU.ActiveCfg = Debug|Any CPU
		{E33BFB87-89E0-41D5-A983-BDEBFE7BFE9D}.Debug|Any CPU.Build.0 = Debug|Any CPU
		{E33BFB87-89E0-41D5-A983-BDEBFE7BFE9D}.Release|Any CPU.ActiveCfg = Release|Any CPU
		{E33BFB87-89E0-41D5-A983-BDEBFE7BFE9D}.Release|Any CPU.Build.0 = Release|Any CPU
	EndGlobalSection
	GlobalSection(SolutionProperties) = preSolution
		HideSolutionNode = FALSE
	EndGlobalSection
	GlobalSection(ExtensibilityGlobals) = postSolution
		SolutionGuid = {09962976-D5FD-471E-8FCC-8866753E2065}
	EndGlobalSection
EndGlobal
